{
  "name": "file_content_analyzer_commander",
  "version": "1.0.0",
  "lockfileVersion": 3,
  "requires": true,
  "packages": {
    "": {
      "name": "file_content_analyzer_commander",
      "version": "1.0.0",
      "license": "ISC",
      "devDependencies": {
        "commander": "^15.0.0",
        "nodeman": "^1.1.2"
      }
    },
    "node_modules/colors": {
      "version": "1.4.0",
      "resolved": "https://registry.npmjs.org/colors/-/colors-1.4.0.tgz",
      "integrity": "sha512-a+UqTh4kgZg/SlGvfbzDHpgRu7AAQOmmqRHJnxhRZICKFUT91brVhNNt58CMWU9PsBbv3PDCZUHbVxuDiH2mtA==",
      "dev": true,
      "license": "MIT",
      "engines": {
        "node": ">=0.1.90"
      }
    },
    "node_modules/commander": {
      "version": "15.0.0",
      "resolved": "https://registry.npmjs.org/commander/-/commander-15.0.0.tgz",
      "integrity": "sha512-z67u4ZhzCL/Tydu1lJARtEZYWbWaN7oYLHbsuzocr6y4N6WZAagG3RQ4FW61V1/0+jImpj293XfrcYnd1qxtPg==",
      "dev": true,
      "license": "MIT",
      "engines": {
        "node": ">=22.12.0"
      }
    },
    "node_modules/nodeman": {
      "version": "1.1.2",
      "resolved": "https://registry.npmjs.org/nodeman/-/nodeman-1.1.2.tgz",
      "integrity": "sha512-RpRpDnMI4TN/EPX6+my7f02585I14AQO8YrHTkO1aTiC65+sMa5G3NwQplN6kwue1njxWiaSz2UwCnDbwkLgeQ==",
      "dev": true,
      "dependencies": {
        "colors": "*"
      },
      "bin": {
        "_nodeman": "bin/_nodeman",
        "nodeman": "bin/nodeman"
      },
      "engines": {
        "node": "*"
      }
    }
  }
}
